
Microsoft Visual Studio Solution File, Format Version 12.00
# Visual Studio Version 16
VisualStudioVersion = 16.0.32106.194
MinimumVisualStudioVersion = 10.0.40219.1
Project("{FAE04EC0-301F-11D3-BF4B-00C04F79EFBC}") = "RoutedEvents.CustomRoutedEvent.Xaml", "RoutedEvents.CustomRoutedEvent.Xaml\RoutedEvents.CustomRoutedEvent.Xaml.csproj", "{0D9D141E-E8F3-4841-842C-ABC0F6535CA2}"
EndProject
Global
	GlobalSection(SolutionConfigurationPlatforms) = preSolution
		Debug|Any CPU = Debug|Any CPU
		Release|Any CPU = Release|Any CPU
	EndGlobalSection
	GlobalSection(ProjectConfigurationPlatforms) = postSolution
		{0D9D141E-E8F3-4841-842C-ABC0F6535CA2}.Debug|Any CPU.ActiveCfg = Debug|Any CPU
		{0D9D141E-E8F3-4841-842C-ABC0F6535CA2}.Debug|Any CPU.Build.0 = Debug|Any CPU
		{0D9D141E-E8F3-4841-842C-ABC0F6535CA2}.Release|Any CPU.ActiveCfg = Release|Any CPU
		{0D9D141E-E8F3-4841-842C-ABC0F6535CA2}.Release|Any CPU.Build.0 = Release|Any CPU
	EndGlobalSection
	GlobalSection(SolutionProperties) = preSolution
		HideSolutionNode = FALSE
	EndGlobalSection
	GlobalSection(ExtensibilityGlobals) = postSolution
		SolutionGuid = {59B3C2D8-11FD-4DB2-8DB1-D5849DDE5545}
	EndGlobalSection
EndGlobal
